
Microsoft Visual Studio Solution File, Format Version 12.00
# Visual Studio 14
VisualStudioVersion = 14.0.25420.1
MinimumVisualStudioVersion = 10.0.40219.1
Project("{8BB2217D-0F2D-49D1-97BC-3654ED321F3B}") = "Functional", "Functional\Functional.xproj", "{942490E6-36F5-4013-A1EC-CCBBAC4C9EF6}"
EndProject
Project("{8BB2217D-0F2D-49D1-97BC-3654ED321F3B}") = "Examples", "Examples\Examples.xproj", "{F977261B-ECBE-41AB-8C04-B5CF4020F21C}"
EndProject
Global
	GlobalSection(SolutionConfigurationPlatforms) = preSolution
		Debug|Any CPU = Debug|Any CPU
		Release|Any CPU = Release|Any CPU
	EndGlobalSection
	GlobalSection(ProjectConfigurationPlatforms) = postSolution
		{942490E6-36F5-4013-A1EC-CCBBAC4C9EF6}.Debug|Any CPU.ActiveCfg = Debug|Any CPU
		{942490E6-36F5-4013-A1EC-CCBBAC4C9EF6}.Debug|Any CPU.Build.0 = Debug|Any CPU
		{942490E6-36F5-4013-A1EC-CCBBAC4C9EF6}.Release|Any CPU.ActiveCfg = Release|Any CPU
		{942490E6-36F5-4013-A1EC-CCBBAC4C9EF6}.Release|Any CPU.Build.0 = Release|Any CPU
		{F977261B-ECBE-41AB-8C04-B5CF4020F21C}.Debug|Any CPU.ActiveCfg = Debug|Any CPU
		{F977261B-ECBE-41AB-8C04-B5CF4020F21C}.Debug|Any CPU.Build.0 = Debug|Any CPU
		{F977261B-ECBE-41AB-8C04-B5CF4020F21C}.Release|Any CPU.ActiveCfg = Release|Any CPU
		{F977261B-ECBE-41AB-8C04-B5CF4020F21C}.Release|Any CPU.Build.0 = Release|Any CPU
	EndGlobalSection
	GlobalSection(SolutionProperties) = preSolution
		HideSolutionNode = FALSE
	EndGlobalSection
EndGlobal
